
Microsoft Visual Studio Solution File, Format Version 12.00
# Visual Studio Version 16
VisualStudioVersion = 16.0.29905.134
MinimumVisualStudioVersion = 10.0.40219.1
Project("{8BC9CEB8-8B4A-11D0-8D11-00A0C91BC942}") = "DragonLib", "DragonLib\DragonLib.vcxproj", "{165ABC46-7166-480C-81CF-2D4772D7EB2E}"
EndProject
Project("{8BC9CEB8-8B4A-11D0-8D11-00A0C91BC942}") = "Auth", "Auth\Auth.vcxproj", "{222FA54B-A652-4202-AA2E-431953BEDB00}"
EndProject
Project("{8BC9CEB8-8B4A-11D0-8D11-00A0C91BC942}") = "CGServer", "CGServer\CGServer.vcxproj", "{6C3E33E5-92AC-4C52-A97C-7333F0203DF1}"
EndProject
Project("{FAE04EC0-301F-11D3-BF4B-00C04F79EFBC}") = "TSLLuaConverter", "TSLLuaConverter\TSLLuaConverter.csproj", "{D1DB237D-DAFF-4A68-817C-91680034BD41}"
EndProject
Global
	GlobalSection(SolutionConfigurationPlatforms) = preSolution
		Debug|Any CPU = Debug|Any CPU
		Debug|x64 = Debug|x64
		Debug|x86 = Debug|x86
		Release|Any CPU = Release|Any CPU
		Release|x64 = Release|x64
		Release|x86 = Release|x86
	EndGlobalSection
	GlobalSection(ProjectConfigurationPlatforms) = postSolution
		{165ABC46-7166-480C-81CF-2D4772D7EB2E}.Debug|Any CPU.ActiveCfg = Debug|Win32
		{165ABC46-7166-480C-81CF-2D4772D7EB2E}.Debug|x64.ActiveCfg = Debug|x64
		{165ABC46-7166-480C-81CF-2D4772D7EB2E}.Debug|x64.Build.0 = Debug|x64
		{165ABC46-7166-480C-81CF-2D4772D7EB2E}.Debug|x86.ActiveCfg = Debug|Win32
		{165ABC46-7166-480C-81CF-2D4772D7EB2E}.Debug|x86.Build.0 = Debug|Win32
		{165ABC46-7166-480C-81CF-2D4772D7EB2E}.Release|Any CPU.ActiveCfg = Release|Win32
		{165ABC46-7166-480C-81CF-2D4772D7EB2E}.Release|x64.ActiveCfg = Release|x64
		{165ABC46-7166-480C-81CF-2D4772D7EB2E}.Release|x64.Build.0 = Release|x64
		{165ABC46-7166-480C-81CF-2D4772D7EB2E}.Release|x86.ActiveCfg = Release|Win32
		{165ABC46-7166-480C-81CF-2D4772D7EB2E}.Release|x86.Build.0 = Release|Win32
		{222FA54B-A652-4202-AA2E-431953BEDB00}.Debug|Any CPU.ActiveCfg = Debug|Win32
		{222FA54B-A652-4202-AA2E-431953BEDB00}.Debug|x64.ActiveCfg = Debug|x64
		{222FA54B-A652-4202-AA2E-431953BEDB00}.Debug|x64.Build.0 = Debug|x64
		{222FA54B-A652-4202-AA2E-431953BEDB00}.Debug|x86.ActiveCfg = Debug|Win32
		{222FA54B-A652-4202-AA2E-431953BEDB00}.Debug|x86.Build.0 = Debug|Win32
		{222FA54B-A652-4202-AA2E-431953BEDB00}.Release|Any CPU.ActiveCfg = Release|Win32
		{222FA54B-A652-4202-AA2E-431953BEDB00}.Release|x64.ActiveCfg = Release|x64
		{222FA54B-A652-4202-AA2E-431953BEDB00}.Release|x64.Build.0 = Release|x64
		{222FA54B-A652-4202-AA2E-431953BEDB00}.Release|x86.ActiveCfg = Release|Win32
		{222FA54B-A652-4202-AA2E-431953BEDB00}.Release|x86.Build.0 = Release|Win32
		{6C3E33E5-92AC-4C52-A97C-7333F0203DF1}.Debug|Any CPU.ActiveCfg = Debug|Win32
		{6C3E33E5-92AC-4C52-A97C-7333F0203DF1}.Debug|x64.ActiveCfg = Debug|x64
		{6C3E33E5-92AC-4C52-A97C-7333F0203DF1}.Debug|x64.Build.0 = Debug|x64
		{6C3E33E5-92AC-4C52-A97C-7333F0203DF1}.Debug|x86.ActiveCfg = Debug|Win32
		{6C3E33E5-92AC-4C52-A97C-7333F0203DF1}.Debug|x86.Build.0 = Debug|Win32
		{6C3E33E5-92AC-4C52-A97C-7333F0203DF1}.Release|Any CPU.ActiveCfg = Release|Win32
		{6C3E33E5-92AC-4C52-A97C-7333F0203DF1}.Release|x64.ActiveCfg = Release|x64
		{6C3E33E5-92AC-4C52-A97C-7333F0203DF1}.Release|x64.Build.0 = Release|x64
		{6C3E33E5-92AC-4C52-A97C-7333F0203DF1}.Release|x86.ActiveCfg = Release|Win32
		{6C3E33E5-92AC-4C52-A97C-7333F0203DF1}.Release|x86.Build.0 = Release|Win32
		{D1DB237D-DAFF-4A68-817C-91680034BD41}.Debug|Any CPU.ActiveCfg = Debug|Any CPU
		{D1DB237D-DAFF-4A68-817C-91680034BD41}.Debug|Any CPU.Build.0 = Debug|Any CPU
		{D1DB237D-DAFF-4A68-817C-91680034BD41}.Debug|x64.ActiveCfg = Debug|Any CPU
		{D1DB237D-DAFF-4A68-817C-91680034BD41}.Debug|x64.Build.0 = Debug|Any CPU
		{D1DB237D-DAFF-4A68-817C-91680034BD41}.Debug|x86.ActiveCfg = Debug|Any CPU
		{D1DB237D-DAFF-4A68-817C-91680034BD41}.Debug|x86.Build.0 = Debug|Any CPU
		{D1DB237D-DAFF-4A68-817C-91680034BD41}.Release|Any CPU.ActiveCfg = Release|Any CPU
		{D1DB237D-DAFF-4A68-817C-91680034BD41}.Release|Any CPU.Build.0 = Release|Any CPU
		{D1DB237D-DAFF-4A68-817C-91680034BD41}.Release|x64.ActiveCfg = Release|Any CPU
		{D1DB237D-DAFF-4A68-817C-91680034BD41}.Release|x64.Build.0 = Release|Any CPU
		{D1DB237D-DAFF-4A68-817C-91680034BD41}.Release|x86.ActiveCfg = Release|Any CPU
		{D1DB237D-DAFF-4A68-817C-91680034BD41}.Release|x86.Build.0 = Release|Any CPU
	EndGlobalSection
	GlobalSection(SolutionProperties) = preSolution
		HideSolutionNode = FALSE
	EndGlobalSection
	GlobalSection(ExtensibilityGlobals) = postSolution
		SolutionGuid = {91CF0C86-DED2-44C2-BD53-C1E9E9209B49}
	EndGlobalSection
EndGlobal
