<?xml version="1.0" encoding="utf-8"?>
<Project ToolsVersion="4.0" xmlns="http://schemas.microsoft.com/developer/msbuild/2003">
  <ItemGroup>
    <Filter Include="Source">
      <UniqueIdentifier>{7fdfd60a-c61f-444c-b952-496f4a7e3055}</UniqueIdentifier>
    </Filter>
    <Filter Include="Source\Network">
      <UniqueIdentifier>{71bd6406-d9fc-4732-aa04-b337ee3a5bea}</UniqueIdentifier>
    </Filter>
    <Filter Include="Source\Game">
      <UniqueIdentifier>{ee3a3f51-4c23-404b-a795-9e25001ee5e5}</UniqueIdentifier>
    </Filter>
    <Filter Include="Source\Game\World">
      <UniqueIdentifier>{41e5c11b-9ae0-4346-bd5a-e11dc540db56}</UniqueIdentifier>
    </Filter>
    <Filter Include="Source\Game\World\Map">
      <UniqueIdentifier>{996f58de-ca76-4c61-8230-ce3092ce4a89}</UniqueIdentifier>
    </Filter>
    <Filter Include="Source\Game\World\Object">
      <UniqueIdentifier>{34fbfcb0-f4ed-4750-b048-6cb89d7cdf36}</UniqueIdentifier>
    </Filter>
    <Filter Include="Source\Game\World\Object\Entity">
      <UniqueIdentifier>{b29cb18d-1daf-4c2f-85f8-9a3b63aa3268}</UniqueIdentifier>
    </Filter>
    <Filter Include="Source\Game\World\Object\Entity\Player">
      <UniqueIdentifier>{7d597460-a7c8-4d16-8a4a-6aa1d0eb9c2c}</UniqueIdentifier>
    </Filter>
    <Filter Include="Source\Game\World\Map\Helper">
      <UniqueIdentifier>{feca19a3-1987-4fba-8e62-7a1355d09bcd}</UniqueIdentifier>
    </Filter>
    <Filter Include="Source\Game\World\Object\Entity\Npc">
      <UniqueIdentifier>{403cc685-069d-4077-83c3-fe920a9245c1}</UniqueIdentifier>
    </Filter>
  </ItemGroup>
  <ItemGroup>
    <None Include="packages.config" />
  </ItemGroup>
  <ItemGroup>
    <ClCompile Include="Source\Network\CGServerCallback.cpp">
      <Filter>Source\Network</Filter>
    </ClCompile>
    <ClCompile Include="Source\main.cpp">
      <Filter>Source</Filter>
    </ClCompile>
    <ClCompile Include="Source\Game\World\Map\map.cpp">
      <Filter>Source\Game\World\Map</Filter>
    </ClCompile>
    <ClCompile Include="Source\Network\CGServer.cpp">
      <Filter>Source\Network</Filter>
    </ClCompile>
    <ClCompile Include="Source\Network\CGSocket.cpp">
      <Filter>Source\Network</Filter>
    </ClCompile>
    <ClCompile Include="Source\Game\World\WorldSession.cpp">
      <Filter>Source\Game\World</Filter>
    </ClCompile>
    <ClCompile Include="Source\Game\World\World.cpp">
      <Filter>Source\Game\World</Filter>
    </ClCompile>
    <ClCompile Include="Source\Game\World\QueueManager.cpp">
      <Filter>Source\Game\World</Filter>
    </ClCompile>
    <ClCompile Include="Source\Game\World\Map\MapManager.cpp">
      <Filter>Source\Game\World\Map</Filter>
    </ClCompile>
    <ClCompile Include="Source\Game\World\Map\Helper\VisibilityManager.cpp">
      <Filter>Source\Game\World\Map\Helper</Filter>
    </ClCompile>
    <ClCompile Include="Source\Game\World\Object\Entity\Player\Player.cpp">
      <Filter>Source\Game\World\Object\Entity\Player</Filter>
    </ClCompile>
    <ClCompile Include="Source\Game\World\Object\Object.cpp">
      <Filter>Source\Game\World\Object</Filter>
    </ClCompile>
    <ClCompile Include="Source\Game\World\Object\Entity\Entity.cpp">
      <Filter>Source\Game\World\Object\Entity</Filter>
    </ClCompile>
    <ClCompile Include="Source\Game\World\Object\Entity\Npc\Npc.cpp">
      <Filter>Source\Game\World\Object\Entity\Npc</Filter>
    </ClCompile>
    <ClCompile Include="Source\Game\World\Object\Entity\Player\PlayerLoad.cpp">
      <Filter>Source\Game\World\Object\Entity\Player</Filter>
    </ClCompile>
  </ItemGroup>
  <ItemGroup>
    <ClInclude Include="Source\Game\World\Map\map.h">
      <Filter>Source\Game\World\Map</Filter>
    </ClInclude>
    <ClInclude Include="Source\Network\CGServer.h">
      <Filter>Source\Network</Filter>
    </ClInclude>
    <ClInclude Include="Source\Network\CGSocket.h">
      <Filter>Source\Network</Filter>
    </ClInclude>
    <ClInclude Include="Source\Game\World\WorldSession.h">
      <Filter>Source\Game\World</Filter>
    </ClInclude>
    <ClInclude Include="Source\Game\World\World.h">
      <Filter>Source\Game\World</Filter>
    </ClInclude>
    <ClInclude Include="Source\Game\World\QueueManager.h">
      <Filter>Source\Game\World</Filter>
    </ClInclude>
    <ClInclude Include="Source\Game\World\Object\Object.h">
      <Filter>Source\Game\World\Object</Filter>
    </ClInclude>
    <ClInclude Include="Source\Game\World\Map\MapManager.h">
      <Filter>Source\Game\World\Map</Filter>
    </ClInclude>
    <ClInclude Include="Source\Game\World\Map\Helper\VisibilityManager.h">
      <Filter>Source\Game\World\Map\Helper</Filter>
    </ClInclude>
    <ClInclude Include="Source\Game\World\Object\Entity\Player\Player.h">
      <Filter>Source\Game\World\Object\Entity\Player</Filter>
    </ClInclude>
    <ClInclude Include="Source\Game\World\Object\Entity\Entity.h">
      <Filter>Source\Game\World\Object\Entity</Filter>
    </ClInclude>
    <ClInclude Include="Source\Game\World\Object\Entity\Npc\Npc.h">
      <Filter>Source\Game\World\Object\Entity\Npc</Filter>
    </ClInclude>
  </ItemGroup>
</Project>