<?xml version="1.0" encoding="utf-8"?>
<Project ToolsVersion="4.0" xmlns="http://schemas.microsoft.com/developer/msbuild/2003">
  <ItemGroup>
    <Filter Include="Source">
      <UniqueIdentifier>{7fdfd60a-c61f-444c-b952-496f4a7e3055}</UniqueIdentifier>
    </Filter>
  </ItemGroup>
  <ItemGroup>
    <ClCompile Include="Source\AuthCallback.cpp">
      <Filter>Source</Filter>
    </ClCompile>
    <ClCompile Include="Source\AuthServer.cpp">
      <Filter>Source</Filter>
    </ClCompile>
    <ClCompile Include="Source\AuthSocket.cpp">
      <Filter>Source</Filter>
    </ClCompile>
    <ClCompile Include="Source\main.cpp">
      <Filter>Source</Filter>
    </ClCompile>
  </ItemGroup>
  <ItemGroup>
    <ClInclude Include="Source\AuthServer.h">
      <Filter>Source</Filter>
    </ClInclude>
    <ClInclude Include="Source\AuthSocket.h">
      <Filter>Source</Filter>
    </ClInclude>
  </ItemGroup>
  <ItemGroup>
    <None Include="packages.config" />
  </ItemGroup>
</Project>